
Microsoft Visual Studio Solution File, Format Version 12.00
Project("{FAE04EC0-301F-11D3-BF4B-00C04F79EFBC}") = "Mission3", "Mission3.csproj", "{648BB9A9-23A2-4F2D-9BCE-80D04A52E872}"
EndProject
Global
	GlobalSection(SolutionConfigurationPlatforms) = preSolution
		Debug|Any CPU = Debug|Any CPU
		Release|Any CPU = Release|Any CPU
	EndGlobalSection
	GlobalSection(ProjectConfigurationPlatforms) = postSolution
		{648BB9A9-23A2-4F2D-9BCE-80D04A52E872}.Debug|Any CPU.ActiveCfg = Debug|Any CPU
		{648BB9A9-23A2-4F2D-9BCE-80D04A52E872}.Debug|Any CPU.Build.0 = Debug|Any CPU
		{648BB9A9-23A2-4F2D-9BCE-80D04A52E872}.Release|Any CPU.ActiveCfg = Release|Any CPU
		{648BB9A9-23A2-4F2D-9BCE-80D04A52E872}.Release|Any CPU.Build.0 = Release|Any CPU
	EndGlobalSection
EndGlobal
